dependencies:
- name: mariadb
  repository: https://raw.githubusercontent.com/bitnami/charts/archive-full-index/bitnami
  version: 9.5.0
- name: mariadb
  repository: https://raw.githubusercontent.com/bitnami/charts/archive-full-index/bitnami
  version: 9.5.0
digest: sha256:9168d22dfff6f88553be722c73ee7bcae7a17941c1c2df8969a6c9786e302adb
generated: "2022-07-16T18:22:28.347314-05:00"
