dependencies:
- name: mariadb
  repository: https://raw.githubusercontent.com/bitnami/charts/archive-full-index/bitnami
  version: 9.5.0
- name: memcached
  repository: https://raw.githubusercontent.com/bitnami/charts/archive-full-index/bitnami
  version: 5.15.6
digest: sha256:2e44f3f99d8fea3cb98871557fea1f9947c5081587e2e253033f55e0f3caef99
generated: "2022-07-16T18:24:33.231499-05:00"
